# THIS IS AN AUTOGENERATED FILE. DO NOT EDIT THIS FILE DIRECTLY.
# yarn lockfile v1


"@babel/runtime@^7.18.9", "@babel/runtime@^7.19.0":
  version "7.19.4"
  resolved "https://registry.yarnpkg.com/@babel/runtime/-/runtime-7.19.4.tgz#a42f814502ee467d55b38dd1c256f53a7b885c78"
  integrity sha512-EXpLCrk55f+cYqmHsSR+yD/0gAIMxxA9QK9lnQWzhMCvt+YmoBN7Zx94s++Kv0+unHk39vxNO8t+CMA2WSS3wA==
  dependencies:
    regenerator-runtime "^0.13.4"

"@cspotcode/source-map-support@^0.8.0":
  version "0.8.1"
  resolved "https://registry.yarnpkg.com/@cspotcode/source-map-support/-/source-map-support-0.8.1.tgz#00629c35a688e05a88b1cda684fb9d5e73f000a1"
  integrity sha512-IchNf6dN4tHoMFIn/7OE8LWZ19Y6q/67Bmf6vnGREv8RSbBVb9LPJxEcnwrcwX6ixSvaiGoomAUvu4YSxXrVgw==
  dependencies:
    "@jridgewell/trace-mapping" "0.3.9"

"@jridgewell/resolve-uri@^3.0.3":
  version "3.1.0"
  resolved "https://registry.yarnpkg.com/@jridgewell/resolve-uri/-/resolve-uri-3.1.0.tgz#2203b118c157721addfe69d47b70465463066d78"
  integrity sha512-F2msla3tad+Mfht5cJq7LSXcdudKTWCVYUgw6pLFOOHSTtZlj6SWNYAp+AhuqLmWdBO2X5hPrLcu8cVP8fy28w==

"@jridgewell/sourcemap-codec@^1.4.10":
  version "1.4.14"
  resolved "https://registry.yarnpkg.com/@jridgewell/sourcemap-codec/-/sourcemap-codec-1.4.14.tgz#add4c98d341472a289190b424efbdb096991bb24"
  integrity sha512-XPSJHWmi394fuUuzDnGz1wiKqWfo1yXecHQMRf2l6hztTO+nPru658AyDngaBe7isIxEkRsPR3FZh+s7iVa4Uw==

"@jridgewell/trace-mapping@0.3.9":
  version "0.3.9"
  resolved "https://registry.yarnpkg.com/@jridgewell/trace-mapping/-/trace-mapping-0.3.9.tgz#6534fd5933a53ba7cbf3a17615e273a0d1273ff9"
  integrity sha512-3Belt6tdc8bPgAtbcmdtNJlirVoTmEb5e2gC94PnkwEW9jI6CAHUeoG85tjWP5WquqfavoMtMwiG4P926ZKKuQ==
  dependencies:
    "@jridgewell/resolve-uri" "^3.0.3"
    "@jridgewell/sourcemap-codec" "^1.4.10"

"@noble/hashes@1.1.3":
  version "1.1.3"
  resolved "https://registry.yarnpkg.com/@noble/hashes/-/hashes-1.1.3.tgz#360afc77610e0a61f3417e497dcf36862e4f8111"
  integrity sha512-CE0FCR57H2acVI5UOzIGSSIYxZ6v/HOhDR0Ro9VLyhnzLwx0o8W1mmgaqlEUx4049qJDlIBRztv5k+MM8vbO3A==

"@noble/secp256k1@1.7.0":
  version "1.7.0"
  resolved "https://registry.yarnpkg.com/@noble/secp256k1/-/secp256k1-1.7.0.tgz#d15357f7c227e751d90aa06b05a0e5cf993ba8c1"
  integrity sha512-kbacwGSsH/CTout0ZnZWxnW1B+jH/7r/WAAKLBtrRJ/+CUH7lgmQzl3GTrQua3SGKWNSDsS6lmjnDpIJ5Dxyaw==

"@octokit/app@^13.0.5":
  version "13.0.9"
  resolved "https://registry.yarnpkg.com/@octokit/app/-/app-13.0.9.tgz#932c0c51f9838c28119b33f6350bc4ac03bf3b23"
  integrity sha512-3Uy/PtItK7wic6I2mDcVnxaUWygxXOzdLpzEY47zA4kTRSlrIRKPNtZ64FmQcI2rcvys2PkzTWpYvdTE0gNaUQ==
  dependencies:
    "@octokit/auth-app" "^4.0.0"
    "@octokit/auth-unauthenticated" "^3.0.0"
    "@octokit/core" "^4.0.0"
    "@octokit/oauth-app" "^4.0.7"
    "@octokit/plugin-paginate-rest" "^4.0.0"
    "@octokit/types" "^7.0.0"
    "@octokit/webhooks" "^10.0.0"

"@octokit/auth-app@^4.0.0":
  version "4.0.6"
  resolved "https://registry.yarnpkg.com/@octokit/auth-app/-/auth-app-4.0.6.tgz#d5e8f10fc5c277c89f8b317fede9b68cbc00dca5"
  integrity sha512-zFWDWZ2b1YH9EohhJFswSGzhXdO6al+DPt99ipYUwC81CsFP3wsC4g4WNxpLj8+CIQrGURa8sIcedq2QALNRAw==
  dependencies:
    "@octokit/auth-oauth-app" "^5.0.0"
    "@octokit/auth-oauth-user" "^2.0.0"
    "@octokit/request" "^6.0.0"
    "@octokit/request-error" "^3.0.0"
    "@octokit/types" "^7.0.0"
    "@types/lru-cache" "^5.1.0"
    deprecation "^2.3.1"
    lru-cache "^6.0.0"
    universal-github-app-jwt "^1.0.1"
    universal-user-agent "^6.0.0"

"@octokit/auth-oauth-app@^5.0.0":
  version "5.0.3"
  resolved "https://registry.yarnpkg.com/@octokit/auth-oauth-app/-/auth-oauth-app-5.0.3.tgz#c4467d2f7265aade3989d51df0cc26b0b2c13c36"
  integrity sha512-qnETfWn58nNQG8An8PbYDaGfNfPfLSSwjfRk5lCBuB2r/Lt+uLYhf6vyIL/NMRxCykDQBguGJISSXT6UpfV3cA==
  dependencies:
    "@octokit/auth-oauth-device" "^4.0.0"
    "@octokit/auth-oauth-user" "^2.0.0"
    "@octokit/request" "^6.0.0"
    "@octokit/types" "^7.0.0"
    "@types/btoa-lite" "^1.0.0"
    btoa-lite "^1.0.0"
    universal-user-agent "^6.0.0"

"@octokit/auth-oauth-device@^4.0.0":
  version "4.0.2"
  resolved "https://registry.yarnpkg.com/@octokit/auth-oauth-device/-/auth-oauth-device-4.0.2.tgz#80b3b1efe3aae884e15f681e25e19843a8ce6d87"
  integrity sha512-h5Ir0q5c6dHZwWMrSWMvgu3JyuH7qCPJ0kB9jNYDugsAob69N65ebA3E5FWPUN6hGJguZpy3CRmqejTx7aSobQ==
  dependencies:
    "@octokit/oauth-methods" "^2.0.0"
    "@octokit/request" "^6.0.0"
    "@octokit/types" "^7.0.0"
    universal-user-agent "^6.0.0"

"@octokit/auth-oauth-user@^2.0.0":
  version "2.0.3"
  resolved "https://registry.yarnpkg.com/@octokit/auth-oauth-user/-/auth-oauth-user-2.0.3.tgz#27ef49d87d31848e8a45973cd5396e9eb2b1b59d"
  integrity sha512-NMGTTGa1j6JVtlpZUOrhi1RxBjHaogS0p59qV8HtFOx3Rgq503xfjjA8npyVbRuAf30iW/K5YueZKivMkhBITA==
  dependencies:
    "@octokit/auth-oauth-device" "^4.0.0"
    "@octokit/oauth-methods" "^2.0.0"
    "@octokit/request" "^6.0.0"
    "@octokit/types" "^7.0.0"
    btoa-lite "^1.0.0"
    universal-user-agent "^6.0.0"

"@octokit/auth-token@^3.0.0":
  version "3.0.1"
  resolved "https://registry.yarnpkg.com/@octokit/auth-token/-/auth-token-3.0.1.tgz#88bc2baf5d706cb258474e722a720a8365dff2ec"
  integrity sha512-/USkK4cioY209wXRpund6HZzHo9GmjakpV9ycOkpMcMxMk7QVcVFVyCMtzvXYiHsB2crgDgrtNYSELYFBXhhaA==
  dependencies:
    "@octokit/types" "^7.0.0"

"@octokit/auth-unauthenticated@^3.0.0":
  version "3.0.2"
  resolved "https://registry.yarnpkg.com/@octokit/auth-unauthenticated/-/auth-unauthenticated-3.0.2.tgz#cccba78bfeee7bd3b127491cee4a8dba3a89be25"
  integrity sha512-wCGPQaXynH2wtqABsHukY06VPw4zHXtfbE/maEngj2k9h9o2hfzC6WAzzjExyISgRnDc9ae/HXzKakUWvWSb2Q==
  dependencies:
    "@octokit/request-error" "^3.0.0"
    "@octokit/types" "^7.0.0"

"@octokit/core@^4.0.0", "@octokit/core@^4.0.4":
  version "4.0.5"
  resolved "https://registry.yarnpkg.com/@octokit/core/-/core-4.0.5.tgz#589e68c0a35d2afdcd41dafceab072c2fbc6ab5f"
  integrity sha512-4R3HeHTYVHCfzSAi0C6pbGXV8UDI5Rk+k3G7kLVNckswN9mvpOzW9oENfjfH3nEmzg8y3AmKmzs8Sg6pLCeOCA==
  dependencies:
    "@octokit/auth-token" "^3.0.0"
    "@octokit/graphql" "^5.0.0"
    "@octokit/request" "^6.0.0"
    "@octokit/request-error" "^3.0.0"
    "@octokit/types" "^7.0.0"
    before-after-hook "^2.2.0"
    universal-user-agent "^6.0.0"

"@octokit/endpoint@^7.0.0":
  version "7.0.2"
  resolved "https://registry.yarnpkg.com/@octokit/endpoint/-/endpoint-7.0.2.tgz#11ee868406ba7bb1642e61bbe676d641f79f02be"
  integrity sha512-8/AUACfE9vpRpehE6ZLfEtzkibe5nfsSwFZVMsG8qabqRt1M81qZYUFRZa1B8w8lP6cdfDJfRq9HWS+MbmR7tw==
  dependencies:
    "@octokit/types" "^7.0.0"
    is-plain-object "^5.0.0"
    universal-user-agent "^6.0.0"

"@octokit/graphql@^5.0.0":
  version "5.0.1"
  resolved "https://registry.yarnpkg.com/@octokit/graphql/-/graphql-5.0.1.tgz#a06982514ad131fb6fbb9da968653b2233fade9b"
  integrity sha512-sxmnewSwAixkP1TrLdE6yRG53eEhHhDTYUykUwdV9x8f91WcbhunIHk9x1PZLALdBZKRPUO2HRcm4kezZ79HoA==
  dependencies:
    "@octokit/request" "^6.0.0"
    "@octokit/types" "^7.0.0"
    universal-user-agent "^6.0.0"

"@octokit/oauth-app@^4.0.6", "@octokit/oauth-app@^4.0.7":
  version "4.1.0"
  resolved "https://registry.yarnpkg.com/@octokit/oauth-app/-/oauth-app-4.1.0.tgz#23782e77141015a4a3483820cd339ea62e85bb85"
  integrity sha512-dGZcfmwPkS3VZ9CNnvNszp6mlnbOZh9+/uPNiK/AkvSUJGXTbUVIZTkMvAjbyIFw2WlIx++hhtrTeKNJq6uMbw==
  dependencies:
    "@octokit/auth-oauth-app" "^5.0.0"
    "@octokit/auth-oauth-user" "^2.0.0"
    "@octokit/auth-unauthenticated" "^3.0.0"
    "@octokit/core" "^4.0.0"
    "@octokit/oauth-authorization-url" "^5.0.0"
    "@octokit/oauth-methods" "^2.0.0"
    "@types/aws-lambda" "^8.10.83"
    fromentries "^1.3.1"
    universal-user-agent "^6.0.0"

"@octokit/oauth-authorization-url@^5.0.0":
  version "5.0.0"
  resolved "https://registry.yarnpkg.com/@octokit/oauth-authorization-url/-/oauth-authorization-url-5.0.0.tgz#029626ce87f3b31addb98cd0d2355c2381a1c5a1"
  integrity sha512-y1WhN+ERDZTh0qZ4SR+zotgsQUE1ysKnvBt1hvDRB2WRzYtVKQjn97HEPzoehh66Fj9LwNdlZh+p6TJatT0zzg==

"@octokit/oauth-methods@^2.0.0":
  version "2.0.3"
  resolved "https://registry.yarnpkg.com/@octokit/oauth-methods/-/oauth-methods-2.0.3.tgz#b67c3e24d52cdfedcc752f7d2f44027146c86567"
  integrity sha512-XM+pPsj6TB9zXHfGszZmIp2zRShjQuwGLEKbkOQ7mZBHBPpx0TRzSYwUbwiAJsWefkPUXgr7i0qFsxLr/Uciyg==
  dependencies:
    "@octokit/oauth-authorization-url" "^5.0.0"
    "@octokit/request" "^6.0.0"
    "@octokit/request-error" "^3.0.0"
    "@octokit/types" "^7.0.0"
    btoa-lite "^1.0.0"

"@octokit/openapi-types@^12.11.0":
  version "12.11.0"
  resolved "https://registry.yarnpkg.com/@octokit/openapi-types/-/openapi-types-12.11.0.tgz#da5638d64f2b919bca89ce6602d059f1b52d3ef0"
  integrity sha512-VsXyi8peyRq9PqIz/tpqiL2w3w80OgVMwBHltTml3LmVvXiphgeqmY9mvBw9Wu7e0QWk/fqD37ux8yP5uVekyQ==

"@octokit/openapi-types@^13.11.0":
  version "13.13.1"
  resolved "https://registry.yarnpkg.com/@octokit/openapi-types/-/openapi-types-13.13.1.tgz#a783bacb1817c9f61a2a0c3f81ea22ad62340fdf"
  integrity sha512-4EuKSk3N95UBWFau3Bz9b3pheQ8jQYbKmBL5+GSuY8YDPDwu03J4BjI+66yNi8aaX/3h1qDpb0mbBkLdr+cfGQ==

"@octokit/plugin-paginate-rest@^4.0.0":
  version "4.3.1"
  resolved "https://registry.yarnpkg.com/@octokit/plugin-paginate-rest/-/plugin-paginate-rest-4.3.1.tgz#553e653ee0318605acd23bf3a799c8bfafdedae3"
  integrity sha512-h8KKxESmSFTcXX409CAxlaOYscEDvN2KGQRsLCGT1NSqRW+D6EXLVQ8vuHhFznS9MuH9QYw1GfsUN30bg8hjVA==
  dependencies:
    "@octokit/types" "^7.5.0"

"@octokit/plugin-rest-endpoint-methods@^6.0.0":
  version "6.6.2"
  resolved "https://registry.yarnpkg.com/@octokit/plugin-rest-endpoint-methods/-/plugin-rest-endpoint-methods-6.6.2.tgz#cfd1c7280940d5a82d9af12566bafcb33f22bee4"
  integrity sha512-n9dL5KMpz9qVFSNdcVWC8ZPbl68QbTk7+CMPXCXqaMZOLn1n1YuoSFFCy84Ge0fx333fUqpnBHv8BFjwGtUQkA==
  dependencies:
    "@octokit/types" "^7.5.0"
    deprecation "^2.3.1"

"@octokit/plugin-retry@^3.0.9":
  version "3.0.9"
  resolved "https://registry.yarnpkg.com/@octokit/plugin-retry/-/plugin-retry-3.0.9.tgz#ae625cca1e42b0253049102acd71c1d5134788fe"
  integrity sha512-r+fArdP5+TG6l1Rv/C9hVoty6tldw6cE2pRHNGmFPdyfrc696R6JjrQ3d7HdVqGwuzfyrcaLAKD7K8TX8aehUQ==
  dependencies:
    "@octokit/types" "^6.0.3"
    bottleneck "^2.15.3"

"@octokit/plugin-throttling@^4.0.1":
  version "4.3.0"
  resolved "https://registry.yarnpkg.com/@octokit/plugin-throttling/-/plugin-throttling-4.3.0.tgz#8b45a4d3cca5f3d8ea6cbfbd185ee8d73daab869"
  integrity sha512-4H0HlCQoJMkLputwruBvMNl4tBRiDHMkMZQyyR8Nh0KwLFrbMW0vuQjwSNPqTqMhiQ5JpP2XKPifhHr8gIs2jQ==
  dependencies:
    "@octokit/types" "^7.0.0"
    bottleneck "^2.15.3"

"@octokit/request-error@^3.0.0":
  version "3.0.1"
  resolved "https://registry.yarnpkg.com/@octokit/request-error/-/request-error-3.0.1.tgz#3fd747913c06ab2195e52004a521889dadb4b295"
  integrity sha512-ym4Bp0HTP7F3VFssV88WD1ZyCIRoE8H35pXSKwLeMizcdZAYc/t6N9X9Yr9n6t3aG9IH75XDnZ6UeZph0vHMWQ==
  dependencies:
    "@octokit/types" "^7.0.0"
    deprecation "^2.0.0"
    once "^1.4.0"

"@octokit/request@^6.0.0":
  version "6.2.1"
  resolved "https://registry.yarnpkg.com/@octokit/request/-/request-6.2.1.tgz#3ceeb22dab09a29595d96594b6720fc14495cf4e"
  integrity sha512-gYKRCia3cpajRzDSU+3pt1q2OcuC6PK8PmFIyxZDWCzRXRSIBH8jXjFJ8ZceoygBIm0KsEUg4x1+XcYBz7dHPQ==
  dependencies:
    "@octokit/endpoint" "^7.0.0"
    "@octokit/request-error" "^3.0.0"
    "@octokit/types" "^7.0.0"
    is-plain-object "^5.0.0"
    node-fetch "^2.6.7"
    universal-user-agent "^6.0.0"

"@octokit/types@^6.0.3":
  version "6.41.0"
  resolved "https://registry.yarnpkg.com/@octokit/types/-/types-6.41.0.tgz#e58ef78d78596d2fb7df9c6259802464b5f84a04"
  integrity sha512-eJ2jbzjdijiL3B4PrSQaSjuF2sPEQPVCPzBvTHJD9Nz+9dw2SGH4K4xeQJ77YfTq5bRQ+bD8wT11JbeDPmxmGg==
  dependencies:
    "@octokit/openapi-types" "^12.11.0"

"@octokit/types@^7.0.0", "@octokit/types@^7.5.0":
  version "7.5.1"
  resolved "https://registry.yarnpkg.com/@octokit/types/-/types-7.5.1.tgz#4e8b182933c17e1f41cc25d44757dbdb7bd76c1b"
  integrity sha512-Zk4OUMLCSpXNI8KZZn47lVLJSsgMyCimsWWQI5hyjZg7hdYm0kjotaIkbG0Pp8SfU2CofMBzonboTqvzn3FrJA==
  dependencies:
    "@octokit/openapi-types" "^13.11.0"

"@octokit/webhooks-methods@^3.0.0":
  version "3.0.1"
  resolved "https://registry.yarnpkg.com/@octokit/webhooks-methods/-/webhooks-methods-3.0.1.tgz#041ed0e5728cc076e375c372dd803ded5905535f"
  integrity sha512-XftYVcBxtzC2G05kdBNn9IYLtQ+Cz6ufKkjZd0DU/qGaZEFTPzM2OabXAWG5tvL0q/I+Exio1JnRiPfetiMSEw==

"@octokit/webhooks-types@6.4.0":
  version "6.4.0"
  resolved "https://registry.yarnpkg.com/@octokit/webhooks-types/-/webhooks-types-6.4.0.tgz#896bfd930e61f479356cd7d436a238191539afd9"
  integrity sha512-epkcGuajnLfavJoa1oGby158Ki3vZrs3DYK9Yi1X+stM3KcEwOuaXRsONIRw6fGdtgYlkZ01IWcl5NKJb7+jmg==

"@octokit/webhooks@^10.0.0":
  version "10.2.0"
  resolved "https://registry.yarnpkg.com/@octokit/webhooks/-/webhooks-10.2.0.tgz#e91082b810996a6526a817021973bf57f1120a02"
  integrity sha512-TeSodC8MuR4DywpMlOvNLyTv0vs0pF2ivAKlHK+Zofz51/Qwfz466TIXDDk/gLlRzoGy+lAvaOTYNCjwhihkCA==
  dependencies:
    "@octokit/request-error" "^3.0.0"
    "@octokit/webhooks-methods" "^3.0.0"
    "@octokit/webhooks-types" "6.4.0"
    aggregate-error "^3.1.0"

"@polkadot/networks@10.1.10":
  version "10.1.10"
  resolved "https://registry.yarnpkg.com/@polkadot/networks/-/networks-10.1.10.tgz#421ce200f8b26759edd1d9d9408d934527f5b455"
  integrity sha512-Db78t2XnFIZbdSdu1aFuj3/1cNwcSzG/+wNrpCQ9dPhnGPy5S1GVbmU8pyxTftPKdTFc+8RdBr+5bc0d5ijGiA==
  dependencies:
    "@babel/runtime" "^7.19.0"
    "@polkadot/util" "10.1.10"
    "@substrate/ss58-registry" "^1.31.0"

"@polkadot/util-crypto@^10.1.10":
  version "10.1.10"
  resolved "https://registry.yarnpkg.com/@polkadot/util-crypto/-/util-crypto-10.1.10.tgz#ae00c794dda6a2f5e40cdaaa87987312461dc59f"
  integrity sha512-w9h/wf4wZXeUkRnihhnfqlaKuoQtrjkjK3C5liCQkr9vx5zOsmg/nMSDP8UUFJX0msPPYpFeNvzn7oDIs6qSZA==
  dependencies:
    "@babel/runtime" "^7.19.0"
    "@noble/hashes" "1.1.3"
    "@noble/secp256k1" "1.7.0"
    "@polkadot/networks" "10.1.10"
    "@polkadot/util" "10.1.10"
    "@polkadot/wasm-crypto" "^6.3.1"
    "@polkadot/x-bigint" "10.1.10"
    "@polkadot/x-randomvalues" "10.1.10"
    "@scure/base" "1.1.1"
    ed2curve "^0.3.0"
    tweetnacl "^1.0.3"

"@polkadot/util@10.1.10":
  version "10.1.10"
  resolved "https://registry.yarnpkg.com/@polkadot/util/-/util-10.1.10.tgz#dc79c93d70e699e8cc1b09e636af7e4a64c5f0f0"
  integrity sha512-BQoTfSxZ3BWAgWDjgKBVdyw1AJGaoOeAidCA+LZcHV6wlMu5643AZPUnoMrW413MbbpxsIhJXtNttqOwjo8MjA==
  dependencies:
    "@babel/runtime" "^7.19.0"
    "@polkadot/x-bigint" "10.1.10"
    "@polkadot/x-global" "10.1.10"
    "@polkadot/x-textdecoder" "10.1.10"
    "@polkadot/x-textencoder" "10.1.10"
    "@types/bn.js" "^5.1.1"
    bn.js "^5.2.1"

"@polkadot/wasm-bridge@6.3.1":
  version "6.3.1"
  resolved "https://registry.yarnpkg.com/@polkadot/wasm-bridge/-/wasm-bridge-6.3.1.tgz#439fa78e80947a7cb695443e1f64b25c30bb1487"
  integrity sha512-1TYkHsb9AEFhU9uZj3biEnN2yKQNzdrwSjiTvfCYnt97pnEkKsZI6cku+YPZQv5w/x9CQa5Yua9e2DVVZSivGA==
  dependencies:
    "@babel/runtime" "^7.18.9"

"@polkadot/wasm-crypto-asmjs@6.3.1":
  version "6.3.1"
  resolved "https://registry.yarnpkg.com/@polkadot/wasm-crypto-asmjs/-/wasm-crypto-asmjs-6.3.1.tgz#e8f469c9cf4a7709c8131a96f857291953f3e30a"
  integrity sha512-zbombRfA5v/mUWQQhgg2YwaxhRmxRIrvskw65x+lruax3b6xPBFDs7yplopiJU3r8h2pTgQvX/DUksvqz2TCRQ==
  dependencies:
    "@babel/runtime" "^7.18.9"

"@polkadot/wasm-crypto-init@6.3.1":
  version "6.3.1"
  resolved "https://registry.yarnpkg.com/@polkadot/wasm-crypto-init/-/wasm-crypto-init-6.3.1.tgz#b590220c53c94b9a54d5dc236d0cbe943db76706"
  integrity sha512-9yaUBcu+snwjJLmPPGl3cyGRQ1afyFGm16qzTM0sgG/ZCfUlK4uk8KWZe+sBUKgoxb2oXY7Y4WklKgQI1YBdfw==
  dependencies:
    "@babel/runtime" "^7.18.9"
    "@polkadot/wasm-bridge" "6.3.1"
    "@polkadot/wasm-crypto-asmjs" "6.3.1"
    "@polkadot/wasm-crypto-wasm" "6.3.1"

"@polkadot/wasm-crypto-wasm@6.3.1":
  version "6.3.1"
  resolved "https://registry.yarnpkg.com/@polkadot/wasm-crypto-wasm/-/wasm-crypto-wasm-6.3.1.tgz#67f720e7f9694fef096abe9d60abbac02e032383"
  integrity sha512-idSlzKGVzCfeCMRHsacRvqwojSaTadFxL/Dbls4z1thvfa3U9Ku0d2qVtlwg7Hj+tYWDiuP8Kygs+6bQwfs0XA==
  dependencies:
    "@babel/runtime" "^7.18.9"
    "@polkadot/wasm-util" "6.3.1"

"@polkadot/wasm-crypto@^6.3.1":
  version "6.3.1"
  resolved "https://registry.yarnpkg.com/@polkadot/wasm-crypto/-/wasm-crypto-6.3.1.tgz#63f5798aca2b2ff0696f190e6862d9781d8f280c"
  integrity sha512-OO8h0qeVkqp4xYZaRVl4iuWOEtq282pNBHDKb6SOJuI2g59eWGcKh4EQU9Me2VP6qzojIqptrkrVt7KQXC68gA==
  dependencies:
    "@babel/runtime" "^7.18.9"
    "@polkadot/wasm-bridge" "6.3.1"
    "@polkadot/wasm-crypto-asmjs" "6.3.1"
    "@polkadot/wasm-crypto-init" "6.3.1"
    "@polkadot/wasm-crypto-wasm" "6.3.1"
    "@polkadot/wasm-util" "6.3.1"

"@polkadot/wasm-util@6.3.1":
  version "6.3.1"
  resolved "https://registry.yarnpkg.com/@polkadot/wasm-util/-/wasm-util-6.3.1.tgz#439ebb68a436317af388ed6438b8f879df3afcda"
  integrity sha512-12oAv5J7Yoc9m6jixrSaQCxpOkWOyzHx3DMC8qmLjRiwdBWxqLmImOVRVnFsbaxqSbhBIHRuJphVxWE+GZETDg==
  dependencies:
    "@babel/runtime" "^7.18.9"

"@polkadot/x-bigint@10.1.10":
  version "10.1.10"
  resolved "https://registry.yarnpkg.com/@polkadot/x-bigint/-/x-bigint-10.1.10.tgz#97dcccda2e24776aad3ae49f3268c03332138246"
  integrity sha512-4Jt0BO0WTby6r9A2DgkDxf/LFaICQHvSl1VSFtBf0Z0GV2n4OxkBX5x/1bdEdGEvYT5rM7RbR3xI7EL+W1ixHA==
  dependencies:
    "@babel/runtime" "^7.19.0"
    "@polkadot/x-global" "10.1.10"

"@polkadot/x-global@10.1.10":
  version "10.1.10"
  resolved "https://registry.yarnpkg.com/@polkadot/x-global/-/x-global-10.1.10.tgz#eedf63f1f3918c7f2bd8ef0907e051783f1a626e"
  integrity sha512-WFfgaZSrzPlKLdnOus2mIFGzUbSDIQK6RMCfFfM9SmF3DkoxN40z5Nkni4PztfKr22stlkhmhnX/Lp/NxpuT6Q==
  dependencies:
    "@babel/runtime" "^7.19.0"

"@polkadot/x-randomvalues@10.1.10":
  version "10.1.10"
  resolved "https://registry.yarnpkg.com/@polkadot/x-randomvalues/-/x-randomvalues-10.1.10.tgz#a10f98f2c4d744612b68ee697e43f1e4d6e1f89a"
  integrity sha512-KM4sCI/DNLIXlmnkeJIuYvh3pPuWvnkbR1a6TUB12J1izUJ+uGV+cAFRR4/EZk3oEsG/Tgivbs56meEOo3ws5A==
  dependencies:
    "@babel/runtime" "^7.19.0"
    "@polkadot/x-global" "10.1.10"

"@polkadot/x-textdecoder@10.1.10":
  version "10.1.10"
  resolved "https://registry.yarnpkg.com/@polkadot/x-textdecoder/-/x-textdecoder-10.1.10.tgz#a6d0010b092bdefc69c70dcb34d76ec8993980b2"
  integrity sha512-cAk37faYXx8IICeaq/tdl+aiIXwo3SLrx9XNoQqhX02g+SEs3ARM7zJcohj/p8ynWAI+ezNcsKn1wh174nquHw==
  dependencies:
    "@babel/runtime" "^7.19.0"
    "@polkadot/x-global" "10.1.10"

"@polkadot/x-textencoder@10.1.10":
  version "10.1.10"
  resolved "https://registry.yarnpkg.com/@polkadot/x-textencoder/-/x-textencoder-10.1.10.tgz#35b2e778b3dbb6816bb37f1848b772c4cd3c43d1"
  integrity sha512-Auaql6BL5UHtWakZUQyj4y/BrM0tm4bYG5vXCMQCA1Gg0ky+46DhgpRrAQ9F7NNgWg1A6dA2I9KuAA4BTbNx0w==
  dependencies:
    "@babel/runtime" "^7.19.0"
    "@polkadot/x-global" "10.1.10"

"@scure/base@1.1.1":
  version "1.1.1"
  resolved "https://registry.yarnpkg.com/@scure/base/-/base-1.1.1.tgz#ebb651ee52ff84f420097055f4bf46cfba403938"
  integrity sha512-ZxOhsSyxYwLJj3pLZCefNitxsj093tb2vq90mp2txoYeBqbcjDjqFhyM8eUjq/uFm6zJ+mUuqxlS2FkuSY1MTA==

"@substrate/ss58-registry@^1.31.0":
  version "1.31.0"
  resolved "https://registry.yarnpkg.com/@substrate/ss58-registry/-/ss58-registry-1.31.0.tgz#489e3a496081dc3ee7ef5ef2eb513962d5d29351"
  integrity sha512-OSOmdjaq9foXfHBy9aLVMwGheygvsiZlv4dggnLOYOuhSmNCsSB/PaW4DBz+/tSdK1Fo9+ZiFW6cF24RA+m0sw==

"@tsconfig/node10@^1.0.7":
  version "1.0.9"
  resolved "https://registry.yarnpkg.com/@tsconfig/node10/-/node10-1.0.9.tgz#df4907fc07a886922637b15e02d4cebc4c0021b2"
  integrity sha512-jNsYVVxU8v5g43Erja32laIDHXeoNvFEpX33OK4d6hljo3jDhCBDhx5dhCCTMWUojscpAagGiRkBKxpdl9fxqA==

"@tsconfig/node12@^1.0.7":
  version "1.0.11"
  resolved "https://registry.yarnpkg.com/@tsconfig/node12/-/node12-1.0.11.tgz#ee3def1f27d9ed66dac6e46a295cffb0152e058d"
  integrity sha512-cqefuRsh12pWyGsIoBKJA9luFu3mRxCA+ORZvA4ktLSzIuCUtWVxGIuXigEwO5/ywWFMZ2QEGKWvkZG1zDMTag==

"@tsconfig/node14@^1.0.0":
  version "1.0.3"
  resolved "https://registry.yarnpkg.com/@tsconfig/node14/-/node14-1.0.3.tgz#e4386316284f00b98435bf40f72f75a09dabf6c1"
  integrity sha512-ysT8mhdixWK6Hw3i1V2AeRqZ5WfXg1G43mqoYlM2nc6388Fq5jcXyr5mRsqViLx/GJYdoL0bfXD8nmF+Zn/Iow==

"@tsconfig/node16@^1.0.2":
  version "1.0.3"
  resolved "https://registry.yarnpkg.com/@tsconfig/node16/-/node16-1.0.3.tgz#472eaab5f15c1ffdd7f8628bd4c4f753995ec79e"
  integrity sha512-yOlFc+7UtL/89t2ZhjPvvB/DeAr3r+Dq58IgzsFkOAvVC6NMJXmCGjbptdXdR9qsX7pKcTL+s87FtYREi2dEEQ==

"@types/aws-lambda@^8.10.83":
  version "8.10.106"
  resolved "https://registry.yarnpkg.com/@types/aws-lambda/-/aws-lambda-8.10.106.tgz#8f64c61c978e46a592044b5a697cb80ea9a542d3"
  integrity sha512-yzgMaql7aW1by1XuhKhovuhLyK/1A60lapFXDXXBeHmoyRGQFO2T8lkL3g8hAhHoW5PEvqPJFWPd8jvXiRnxeQ==

"@types/bn.js@^5.1.1":
  version "5.1.1"
  resolved "https://registry.yarnpkg.com/@types/bn.js/-/bn.js-5.1.1.tgz#b51e1b55920a4ca26e9285ff79936bbdec910682"
  integrity sha512-qNrYbZqMx0uJAfKnKclPh+dTwK33KfLHYqtyODwd5HnXOjnkhc4qgn3BrK6RWyGZm5+sIFE7Q7Vz6QQtJB7w7g==
  dependencies:
    "@types/node" "*"

"@types/btoa-lite@^1.0.0":
  version "1.0.0"
  resolved "https://registry.yarnpkg.com/@types/btoa-lite/-/btoa-lite-1.0.0.tgz#e190a5a548e0b348adb0df9ac7fa5f1151c7cca4"
  integrity sha512-wJsiX1tosQ+J5+bY5LrSahHxr2wT+uME5UDwdN1kg4frt40euqA+wzECkmq4t5QbveHiJepfdThgQrPw6KiSlg==

"@types/jsonwebtoken@^8.3.3":
  version "8.5.9"
  resolved "https://registry.yarnpkg.com/@types/jsonwebtoken/-/jsonwebtoken-8.5.9.tgz#2c064ecb0b3128d837d2764aa0b117b0ff6e4586"
  integrity sha512-272FMnFGzAVMGtu9tkr29hRL6bZj4Zs1KZNeHLnKqAvp06tAIcarTMwOh8/8bz4FmKRcMxZhZNeUAQsNLoiPhg==
  dependencies:
    "@types/node" "*"

"@types/lru-cache@^5.1.0":
  version "5.1.1"
  resolved "https://registry.yarnpkg.com/@types/lru-cache/-/lru-cache-5.1.1.tgz#c48c2e27b65d2a153b19bfc1a317e30872e01eef"
  integrity sha512-ssE3Vlrys7sdIzs5LOxCzTVMsU7i9oa/IaW92wF32JFb3CVczqOkru2xspuKczHEbG3nvmPY7IFqVmGGHdNbYw==

"@types/node@*":
  version "18.8.3"
  resolved "https://registry.yarnpkg.com/@types/node/-/node-18.8.3.tgz#ce750ab4017effa51aed6a7230651778d54e327c"
  integrity sha512-0os9vz6BpGwxGe9LOhgP/ncvYN5Tx1fNcd2TM3rD/aCGBkysb+ZWpXEocG24h6ZzOi13+VB8HndAQFezsSOw1w==

acorn-walk@^8.1.1:
  version "8.2.0"
  resolved "https://registry.yarnpkg.com/acorn-walk/-/acorn-walk-8.2.0.tgz#741210f2e2426454508853a2f44d0ab83b7f69c1"
  integrity sha512-k+iyHEuPgSw6SbuDpGQM+06HQUa04DZ3o+F6CSzXMvvI5KMvnaEqXe+YVe555R9nn6GPt404fos4wcgpw12SDA==

acorn@^8.4.1:
  version "8.8.0"
  resolved "https://registry.yarnpkg.com/acorn/-/acorn-8.8.0.tgz#88c0187620435c7f6015803f5539dae05a9dbea8"
  integrity sha512-QOxyigPVrpZ2GXT+PFyZTl6TtOFc5egxHIP9IlQ+RbupQuX4RkT/Bee4/kQuC02Xkzg84JcT7oLYtDIQxp+v7w==

aggregate-error@^3.1.0:
  version "3.1.0"
  resolved "https://registry.yarnpkg.com/aggregate-error/-/aggregate-error-3.1.0.tgz#92670ff50f5359bdb7a3e0d40d0ec30c5737687a"
  integrity sha512-4I7Td01quW/RpocfNayFdFVk1qSuoh0E7JrbRJ16nH01HhKFQ88INq9Sd+nd72zqRySlr9BmDA8xlEJ6vJMrYA==
  dependencies:
    clean-stack "^2.0.0"
    indent-string "^4.0.0"

ansi-regex@^5.0.1:
  version "5.0.1"
  resolved "https://registry.yarnpkg.com/ansi-regex/-/ansi-regex-5.0.1.tgz#082cb2c89c9fe8659a311a53bd6a4dc5301db304"
  integrity sha512-quJQXlTSUGL2LH9SUXo8VwsY4soanhgo6LNSm84E1LBcE8s3O0wpdiRzyR9z/ZZJMlMWv37qOOb9pdJlMUEKFQ==

ansi-styles@^4.0.0:
  version "4.3.0"
  resolved "https://registry.yarnpkg.com/ansi-styles/-/ansi-styles-4.3.0.tgz#edd803628ae71c04c85ae7a0906edad34b648937"
  integrity sha512-zbB9rCJAT1rbjiVDb2hqKFHNYLxgtk8NURxZ3IZwD3F6NtxbXZQCnnSi1Lkx+IDohdPlFp222wVALIheZJQSEg==
  dependencies:
    color-convert "^2.0.1"

arg@^4.1.0:
  version "4.1.3"
  resolved "https://registry.yarnpkg.com/arg/-/arg-4.1.3.tgz#269fc7ad5b8e42cb63c896d5666017261c144089"
  integrity sha512-58S9QDqG0Xx27YwPSt9fJxivjYl432YCwfDMfZ+71RAqUrZef7LrKQZ3LHLOwCS4FLNBplP533Zx895SeOCHvA==

before-after-hook@^2.2.0:
  version "2.2.3"
  resolved "https://registry.yarnpkg.com/before-after-hook/-/before-after-hook-2.2.3.tgz#c51e809c81a4e354084422b9b26bad88249c517c"
  integrity sha512-NzUnlZexiaH/46WDhANlyR2bXRopNg4F/zuSA3OpZnllCUgRaOF2znDioDWrmbNVsuZk6l9pMquQB38cfBZwkQ==

bn.js@^5.2.1:
  version "5.2.1"
  resolved "https://registry.yarnpkg.com/bn.js/-/bn.js-5.2.1.tgz#0bc527a6a0d18d0aa8d5b0538ce4a77dccfa7b70"
  integrity sha512-eXRvHzWyYPBuB4NBy0cmYQjGitUrtqwbvlzP3G6VFnNRbsZQIxQ10PbKKHt8gZ/HW/D/747aDl+QkDqg3KQLMQ==

bottleneck@^2.15.3:
  version "2.19.5"
  resolved "https://registry.yarnpkg.com/bottleneck/-/bottleneck-2.19.5.tgz#5df0b90f59fd47656ebe63c78a98419205cadd91"
  integrity sha512-VHiNCbI1lKdl44tGrhNfU3lup0Tj/ZBMJB5/2ZbNXRCPuRCO7ed2mgcK4r17y+KB2EfuYuRaVlwNbAeaWGSpbw==

btoa-lite@^1.0.0:
  version "1.0.0"
  resolved "https://registry.yarnpkg.com/btoa-lite/-/btoa-lite-1.0.0.tgz#337766da15801210fdd956c22e9c6891ab9d0337"
  integrity sha512-gvW7InbIyF8AicrqWoptdW08pUxuhq8BEgowNajy9RhiE86fmGAGl+bLKo6oB8QP0CkqHLowfN0oJdKC/J6LbA==

buffer-equal-constant-time@1.0.1:
  version "1.0.1"
  resolved "https://registry.yarnpkg.com/buffer-equal-constant-time/-/buffer-equal-constant-time-1.0.1.tgz#f8e71132f7ffe6e01a5c9697a4c6f3e48d5cc819"
  integrity sha512-zRpUiDwd/xk6ADqPMATG8vc9VPrkck7T07OIx0gnjmJAnHnTVXNQG3vfvWNuiZIkwu9KrKdA1iJKfsfTVxE6NA==

clean-stack@^2.0.0:
  version "2.2.0"
  resolved "https://registry.yarnpkg.com/clean-stack/-/clean-stack-2.2.0.tgz#ee8472dbb129e727b31e8a10a427dee9dfe4008b"
  integrity sha512-4diC9HaTE+KRAMWhDhrGOECgWZxoevMc5TlkObMqNSsVU62PYzXZ/SMTjzyGAFF1YusgxGcSWTEXBhp0CPwQ1A==

cliui@^8.0.1:
  version "8.0.1"
  resolved "https://registry.yarnpkg.com/cliui/-/cliui-8.0.1.tgz#0c04b075db02cbfe60dc8e6cf2f5486b1a3608aa"
  integrity sha512-BSeNnyus75C4//NQ9gQt1/csTXyo/8Sb+afLAkzAptFuMsod9HFokGNudZpi/oQV73hnVK+sR+5PVRMd+Dr7YQ==
  dependencies:
    string-width "^4.2.0"
    strip-ansi "^6.0.1"
    wrap-ansi "^7.0.0"

color-convert@^2.0.1:
  version "2.0.1"
  resolved "https://registry.yarnpkg.com/color-convert/-/color-convert-2.0.1.tgz#72d3a68d598c9bdb3af2ad1e84f21d896abd4de3"
  integrity sha512-RRECPsj7iu/xb5oKYcsFHSppFNnsj/52OVTRKb4zP5onXwVF3zVmmToNcOfGC+CRDpfK/U584fMg38ZHCaElKQ==
  dependencies:
    color-name "~1.1.4"

color-name@~1.1.4:
  version "1.1.4"
  resolved "https://registry.yarnpkg.com/color-name/-/color-name-1.1.4.tgz#c2a09a87acbde69543de6f63fa3995c826c536a2"
  integrity sha512-dOy+3AuW3a2wNbZHIuMZpTcgjGuLU/uBL/ubcZF9OXbDo8ff4O8yVp5Bf0efS8uEoYo5q4Fx7dY9OgQGXgAsQA==

create-require@^1.1.0:
  version "1.1.1"
  resolved "https://registry.yarnpkg.com/create-require/-/create-require-1.1.1.tgz#c1d7e8f1e5f6cfc9ff65f9cd352d37348756c333"
  integrity sha512-dcKFX3jn0MpIaXjisoRvexIJVEKzaq7z2rZKxf+MSr9TkdmHmsU4m2lcLojrj/FHl8mk5VxMmYA+ftRkP/3oKQ==

deprecation@^2.0.0, deprecation@^2.3.1:
  version "2.3.1"
  resolved "https://registry.yarnpkg.com/deprecation/-/deprecation-2.3.1.tgz#6368cbdb40abf3373b525ac87e4a260c3a700919"
  integrity sha512-xmHIy4F3scKVwMsQ4WnVaS8bHOx0DmVwRywosKhaILI0ywMDWPtBSku2HNxRvF7jtwDRsoEwYQSfbxj8b7RlJQ==

diff@^4.0.1:
  version "4.0.2"
  resolved "https://registry.yarnpkg.com/diff/-/diff-4.0.2.tgz#60f3aecb89d5fae520c11aa19efc2bb982aade7d"
  integrity sha512-58lmxKSA4BNyLz+HHMUzlOEpg09FV+ev6ZMe3vJihgdxzgcwZ8VoEEPmALCZG9LmqfVoNMMKpttIYTVG6uDY7A==

ecdsa-sig-formatter@1.0.11:
  version "1.0.11"
  resolved "https://registry.yarnpkg.com/ecdsa-sig-formatter/-/ecdsa-sig-formatter-1.0.11.tgz#ae0f0fa2d85045ef14a817daa3ce9acd0489e5bf"
  integrity sha512-nagl3RYrbNv6kQkeJIpt6NJZy8twLB/2vtz6yN9Z4vRKHN4/QZJIEbqohALSgwKdnksuY3k5Addp5lg8sVoVcQ==
  dependencies:
    safe-buffer "^5.0.1"

ed2curve@^0.3.0:
  version "0.3.0"
  resolved "https://registry.yarnpkg.com/ed2curve/-/ed2curve-0.3.0.tgz#322b575152a45305429d546b071823a93129a05d"
  integrity sha512-8w2fmmq3hv9rCrcI7g9hms2pMunQr1JINfcjwR9tAyZqhtyaMN991lF/ZfHfr5tzZQ8c7y7aBgZbjfbd0fjFwQ==
  dependencies:
    tweetnacl "1.x.x"

emoji-regex@^8.0.0:
  version "8.0.0"
  resolved "https://registry.yarnpkg.com/emoji-regex/-/emoji-regex-8.0.0.tgz#e818fd69ce5ccfcb404594f842963bf53164cc37"
  integrity sha512-MSjYzcWNOA0ewAHpz0MxpYFvwg6yjy1NG3xteoqz644VCo/RPgnr1/GGt+ic3iJTzQ8Eu3TdM14SawnVUmGE6A==

escalade@^3.1.1:
  version "3.1.1"
  resolved "https://registry.yarnpkg.com/escalade/-/escalade-3.1.1.tgz#d8cfdc7000965c5a0174b4a82eaa5c0552742e40"
  integrity sha512-k0er2gUkLf8O0zKJiAhmkTnJlTvINGv7ygDNPbeIsX/TJjGJZHuh9B2UxbsaEkmlEo9MfhrSzmhIlhRlI2GXnw==

fromentries@^1.3.1:
  version "1.3.2"
  resolved "https://registry.yarnpkg.com/fromentries/-/fromentries-1.3.2.tgz#e4bca6808816bf8f93b52750f1127f5a6fd86e3a"
  integrity sha512-cHEpEQHUg0f8XdtZCc2ZAhrHzKzT0MrFUTcvx+hfxYu7rGMDc5SKoXFh+n4YigxsHXRzc6OrCshdR1bWH6HHyg==

get-caller-file@^2.0.5:
  version "2.0.5"
  resolved "https://registry.yarnpkg.com/get-caller-file/-/get-caller-file-2.0.5.tgz#4f94412a82db32f36e3b0b9741f8a97feb031f7e"
  integrity sha512-DyFP3BM/3YHTQOCUL/w0OZHR0lpKeGrxotcHWcqNEdnltqFwXVfhEBQ94eIo34AfQpo0rGki4cyIiftY06h2Fg==

indent-string@^4.0.0:
  version "4.0.0"
  resolved "https://registry.yarnpkg.com/indent-string/-/indent-string-4.0.0.tgz#624f8f4497d619b2d9768531d58f4122854d7251"
  integrity sha512-EdDDZu4A2OyIK7Lr/2zG+w5jmbuk1DVBnEwREQvBzspBJkCEbRa8GxU1lghYcaGJCnRWibjDXlq779X1/y5xwg==

is-fullwidth-code-point@^3.0.0:
  version "3.0.0"
  resolved "https://registry.yarnpkg.com/is-fullwidth-code-point/-/is-fullwidth-code-point-3.0.0.tgz#f116f8064fe90b3f7844a38997c0b75051269f1d"
  integrity sha512-zymm5+u+sCsSWyD9qNaejV3DFvhCKclKdizYaJUuHA83RLjb7nSuGnddCHGv0hk+KY7BMAlsWeK4Ueg6EV6XQg==

is-plain-object@^5.0.0:
  version "5.0.0"
  resolved "https://registry.yarnpkg.com/is-plain-object/-/is-plain-object-5.0.0.tgz#4427f50ab3429e9025ea7d52e9043a9ef4159344"
  integrity sha512-VRSzKkbMm5jMDoKLbltAkFQ5Qr7VDiTFGXxYFXXowVj387GeGNOCsOH6Msy00SGZ3Fp84b1Naa1psqgcCIEP5Q==

jsonwebtoken@^8.5.1:
  version "8.5.1"
  resolved "https://registry.yarnpkg.com/jsonwebtoken/-/jsonwebtoken-8.5.1.tgz#00e71e0b8df54c2121a1f26137df2280673bcc0d"
  integrity sha512-XjwVfRS6jTMsqYs0EsuJ4LGxXV14zQybNd4L2r0UvbVnSF9Af8x7p5MzbJ90Ioz/9TI41/hTCvznF/loiSzn8w==
  dependencies:
    jws "^3.2.2"
    lodash.includes "^4.3.0"
    lodash.isboolean "^3.0.3"
    lodash.isinteger "^4.0.4"
    lodash.isnumber "^3.0.3"
    lodash.isplainobject "^4.0.6"
    lodash.isstring "^4.0.1"
    lodash.once "^4.0.0"
    ms "^2.1.1"
    semver "^5.6.0"

jwa@^1.4.1:
  version "1.4.1"
  resolved "https://registry.yarnpkg.com/jwa/-/jwa-1.4.1.tgz#743c32985cb9e98655530d53641b66c8645b039a"
  integrity sha512-qiLX/xhEEFKUAJ6FiBMbes3w9ATzyk5W7Hvzpa/SLYdxNtng+gcurvrI7TbACjIXlsJyr05/S1oUhZrc63evQA==
  dependencies:
    buffer-equal-constant-time "1.0.1"
    ecdsa-sig-formatter "1.0.11"
    safe-buffer "^5.0.1"

jws@^3.2.2:
  version "3.2.2"
  resolved "https://registry.yarnpkg.com/jws/-/jws-3.2.2.tgz#001099f3639468c9414000e99995fa52fb478304"
  integrity sha512-YHlZCB6lMTllWDtSPHz/ZXTsi8S00usEV6v1tjq8tOUZzw7DpSDWVXjXDre6ed1w/pd495ODpHZYSdkRTsa0HA==
  dependencies:
    jwa "^1.4.1"
    safe-buffer "^5.0.1"

lodash.includes@^4.3.0:
  version "4.3.0"
  resolved "https://registry.yarnpkg.com/lodash.includes/-/lodash.includes-4.3.0.tgz#60bb98a87cb923c68ca1e51325483314849f553f"
  integrity sha512-W3Bx6mdkRTGtlJISOvVD/lbqjTlPPUDTMnlXZFnVwi9NKJ6tiAk6LVdlhZMm17VZisqhKcgzpO5Wz91PCt5b0w==

lodash.isboolean@^3.0.3:
  version "3.0.3"
  resolved "https://registry.yarnpkg.com/lodash.isboolean/-/lodash.isboolean-3.0.3.tgz#6c2e171db2a257cd96802fd43b01b20d5f5870f6"
  integrity sha512-Bz5mupy2SVbPHURB98VAcw+aHh4vRV5IPNhILUCsOzRmsTmSQ17jIuqopAentWoehktxGd9e/hbIXq980/1QJg==

lodash.isinteger@^4.0.4:
  version "4.0.4"
  resolved "https://registry.yarnpkg.com/lodash.isinteger/-/lodash.isinteger-4.0.4.tgz#619c0af3d03f8b04c31f5882840b77b11cd68343"
  integrity sha512-DBwtEWN2caHQ9/imiNeEA5ys1JoRtRfY3d7V9wkqtbycnAmTvRRmbHKDV4a0EYc678/dia0jrte4tjYwVBaZUA==

lodash.isnumber@^3.0.3:
  version "3.0.3"
  resolved "https://registry.yarnpkg.com/lodash.isnumber/-/lodash.isnumber-3.0.3.tgz#3ce76810c5928d03352301ac287317f11c0b1ffc"
  integrity sha512-QYqzpfwO3/CWf3XP+Z+tkQsfaLL/EnUlXWVkIk5FUPc4sBdTehEqZONuyRt2P67PXAk+NXmTBcc97zw9t1FQrw==

lodash.isplainobject@^4.0.6:
  version "4.0.6"
  resolved "https://registry.yarnpkg.com/lodash.isplainobject/-/lodash.isplainobject-4.0.6.tgz#7c526a52d89b45c45cc690b88163be0497f550cb"
  integrity sha512-oSXzaWypCMHkPC3NvBEaPHf0KsA5mvPrOPgQWDsbg8n7orZ290M0BmC/jgRZ4vcJ6DTAhjrsSYgdsW/F+MFOBA==

lodash.isstring@^4.0.1:
  version "4.0.1"
  resolved "https://registry.yarnpkg.com/lodash.isstring/-/lodash.isstring-4.0.1.tgz#d527dfb5456eca7cc9bb95d5daeaf88ba54a5451"
  integrity sha512-0wJxfxH1wgO3GrbuP+dTTk7op+6L41QCXbGINEmD+ny/G/eCqGzxyCsh7159S+mgDDcoarnBw6PC1PS5+wUGgw==

lodash.once@^4.0.0:
  version "4.1.1"
  resolved "https://registry.yarnpkg.com/lodash.once/-/lodash.once-4.1.1.tgz#0dd3971213c7c56df880977d504c88fb471a97ac"
  integrity sha512-Sb487aTOCr9drQVL8pIxOzVhafOjZN9UU54hiN8PU3uAiSV7lx1yYNpbNmex2PK6dSJoNTSJUUswT651yww3Mg==

lru-cache@^6.0.0:
  version "6.0.0"
  resolved "https://registry.yarnpkg.com/lru-cache/-/lru-cache-6.0.0.tgz#6d6fe6570ebd96aaf90fcad1dafa3b2566db3a94"
  integrity sha512-Jo6dJ04CmSjuznwJSS3pUeWmd/H0ffTlkXXgwZi+eq1UCmqQwCh+eLsYOYCwY991i2Fah4h1BEMCx4qThGbsiA==
  dependencies:
    yallist "^4.0.0"

make-error@^1.1.1:
  version "1.3.6"
  resolved "https://registry.yarnpkg.com/make-error/-/make-error-1.3.6.tgz#2eb2e37ea9b67c4891f684a1394799af484cf7a2"
  integrity sha512-s8UhlNe7vPKomQhC1qFelMokr/Sc3AgNbso3n74mVPA5LTZwkB9NlXf4XPamLxJE8h0gh73rM94xvwRT2CVInw==

ms@^2.1.1:
  version "2.1.3"
  resolved "https://registry.yarnpkg.com/ms/-/ms-2.1.3.tgz#574c8138ce1d2b5861f0b44579dbadd60c6615b2"
  integrity sha512-6FlzubTLZG3J2a/NVCAleEhjzq5oxgHyaCU9yYXvcLsvoVaHJq/s5xXI6/XXP6tz7R9xAOtHnSO/tXtF3WRTlA==

node-fetch@^2.6.7:
  version "2.6.7"
  resolved "https://registry.yarnpkg.com/node-fetch/-/node-fetch-2.6.7.tgz#24de9fba827e3b4ae44dc8b20256a379160052ad"
  integrity sha512-ZjMPFEfVx5j+y2yF35Kzx5sF7kDzxuDj6ziH4FFbOp87zKDZNx8yExJIb05OGF4Nlt9IHFIMBkRl41VdvcNdbQ==
  dependencies:
    whatwg-url "^5.0.0"

octokit@^2.0.7:
  version "2.0.7"
  resolved "https://registry.yarnpkg.com/octokit/-/octokit-2.0.7.tgz#7e6658ddcca234d8cc6ca9344403b516d3b2d136"
  integrity sha512-Rf+pY3fCphmS4jjLqQ+D0xS1U+Ry/pAZHLJNvsQksuj4aopl7qFLlV4Id2KIlaUpKZrUCPzOkLiZOaoEb47RZQ==
  dependencies:
    "@octokit/app" "^13.0.5"
    "@octokit/core" "^4.0.4"
    "@octokit/oauth-app" "^4.0.6"
    "@octokit/plugin-paginate-rest" "^4.0.0"
    "@octokit/plugin-rest-endpoint-methods" "^6.0.0"
    "@octokit/plugin-retry" "^3.0.9"
    "@octokit/plugin-throttling" "^4.0.1"
    "@octokit/types" "^7.0.0"

once@^1.4.0:
  version "1.4.0"
  resolved "https://registry.yarnpkg.com/once/-/once-1.4.0.tgz#583b1aa775961d4b113ac17d9c50baef9dd76bd1"
  integrity sha512-lNaJgI+2Q5URQBkccEKHTQOPaXdUxnZZElQTZY0MFUAuaEqe1E+Nyvgdz/aIyNi6Z9MzO5dv1H8n58/GELp3+w==
  dependencies:
    wrappy "1"

regenerator-runtime@^0.13.4:
  version "0.13.9"
  resolved "https://registry.yarnpkg.com/regenerator-runtime/-/regenerator-runtime-0.13.9.tgz#8925742a98ffd90814988d7566ad30ca3b263b52"
  integrity sha512-p3VT+cOEgxFsRRA9X4lkI1E+k2/CtnKtU4gcxyaCUreilL/vqI6CdZ3wxVUx3UOUg+gnUOQQcRI7BmSI656MYA==

require-directory@^2.1.1:
  version "2.1.1"
  resolved "https://registry.yarnpkg.com/require-directory/-/require-directory-2.1.1.tgz#8c64ad5fd30dab1c976e2344ffe7f792a6a6df42"
  integrity sha512-fGxEI7+wsG9xrvdjsrlmL22OMTTiHRwAMroiEeMgq8gzoLC/PQr7RsRDSTLUg/bZAZtF+TVIkHc6/4RIKrui+Q==

safe-buffer@^5.0.1:
  version "5.2.1"
  resolved "https://registry.yarnpkg.com/safe-buffer/-/safe-buffer-5.2.1.tgz#1eaf9fa9bdb1fdd4ec75f58f9cdb4e6b7827eec6"
  integrity sha512-rp3So07KcdmmKbGvgaNxQSJr7bGVSVk5S9Eq1F+ppbRo70+YeaDxkw5Dd8NPN+GD6bjnYm2VuPuCXmpuYvmCXQ==

semver@^5.6.0:
  version "5.7.1"
  resolved "https://registry.yarnpkg.com/semver/-/semver-5.7.1.tgz#a954f931aeba508d307bbf069eff0c01c96116f7"
  integrity sha512-sauaDf/PZdVgrLTNYHRtpXa1iRiKcaebiKQ1BJdpQlWH2lCvexQdX55snPFyK7QzpudqbCI0qXFfOasHdyNDGQ==

string-width@^4.1.0, string-width@^4.2.0, string-width@^4.2.3:
  version "4.2.3"
  resolved "https://registry.yarnpkg.com/string-width/-/string-width-4.2.3.tgz#269c7117d27b05ad2e536830a8ec895ef9c6d010"
  integrity sha512-wKyQRQpjJ0sIp62ErSZdGsjMJWsap5oRNihHhu6G7JVO/9jIB6UyevL+tXuOqrng8j/cxKTWyWUwvSTriiZz/g==
  dependencies:
    emoji-regex "^8.0.0"
    is-fullwidth-code-point "^3.0.0"
    strip-ansi "^6.0.1"

strip-ansi@^6.0.0, strip-ansi@^6.0.1:
  version "6.0.1"
  resolved "https://registry.yarnpkg.com/strip-ansi/-/strip-ansi-6.0.1.tgz#9e26c63d30f53443e9489495b2105d37b67a85d9"
  integrity sha512-Y38VPSHcqkFrCpFnQ9vuSXmquuv5oXOKpGeT6aGrr3o3Gc9AlVa6JBfUSOCnbxGGZF+/0ooI7KrPuUSztUdU5A==
  dependencies:
    ansi-regex "^5.0.1"

tr46@~0.0.3:
  version "0.0.3"
  resolved "https://registry.yarnpkg.com/tr46/-/tr46-0.0.3.tgz#8184fd347dac9cdc185992f3a6622e14b9d9ab6a"
  integrity sha512-N3WMsuqV66lT30CrXNbEjx4GEwlow3v6rr4mCcv6prnfwhS01rkgyFdjPNBYd9br7LpXV1+Emh01fHnq2Gdgrw==

ts-node@^10.9.1:
  version "10.9.1"
  resolved "https://registry.yarnpkg.com/ts-node/-/ts-node-10.9.1.tgz#e73de9102958af9e1f0b168a6ff320e25adcff4b"
  integrity sha512-NtVysVPkxxrwFGUUxGYhfux8k78pQB3JqYBXlLRZgdGUqTO5wU/UyHop5p70iEbGhB7q5KmiZiU0Y3KlJrScEw==
  dependencies:
    "@cspotcode/source-map-support" "^0.8.0"
    "@tsconfig/node10" "^1.0.7"
    "@tsconfig/node12" "^1.0.7"
    "@tsconfig/node14" "^1.0.0"
    "@tsconfig/node16" "^1.0.2"
    acorn "^8.4.1"
    acorn-walk "^8.1.1"
    arg "^4.1.0"
    create-require "^1.1.0"
    diff "^4.0.1"
    make-error "^1.1.1"
    v8-compile-cache-lib "^3.0.1"
    yn "3.1.1"

tweetnacl@1.x.x, tweetnacl@^1.0.3:
  version "1.0.3"
  resolved "https://registry.yarnpkg.com/tweetnacl/-/tweetnacl-1.0.3.tgz#ac0af71680458d8a6378d0d0d050ab1407d35596"
  integrity sha512-6rt+RN7aOi1nGMyC4Xa5DdYiukl2UWCbcJft7YhxReBGQD7OAM8Pbxw6YMo4r2diNEA8FEmu32YOn9rhaiE5yw==

typescript@^4.8.4:
  version "4.8.4"
  resolved "https://registry.yarnpkg.com/typescript/-/typescript-4.8.4.tgz#c464abca159669597be5f96b8943500b238e60e6"
  integrity sha512-QCh+85mCy+h0IGff8r5XWzOVSbBO+KfeYrMQh7NJ58QujwcE22u+NUSmUxqF+un70P9GXKxa2HCNiTTMJknyjQ==

universal-github-app-jwt@^1.0.1:
  version "1.1.0"
  resolved "https://registry.yarnpkg.com/universal-github-app-jwt/-/universal-github-app-jwt-1.1.0.tgz#0abaa876101cdf1d3e4c546be2768841c0c1b514"
  integrity sha512-3b+ocAjjz4JTyqaOT+NNBd5BtTuvJTxWElIoeHSVelUV9J3Jp7avmQTdLKCaoqi/5Ox2o/q+VK19TJ233rVXVQ==
  dependencies:
    "@types/jsonwebtoken" "^8.3.3"
    jsonwebtoken "^8.5.1"

universal-user-agent@^6.0.0:
  version "6.0.0"
  resolved "https://registry.yarnpkg.com/universal-user-agent/-/universal-user-agent-6.0.0.tgz#3381f8503b251c0d9cd21bc1de939ec9df5480ee"
  integrity sha512-isyNax3wXoKaulPDZWHQqbmIx1k2tb9fb3GGDBRxCscfYV2Ch7WxPArBsFEG8s/safwXTT7H4QGhaIkTp9447w==

v8-compile-cache-lib@^3.0.1:
  version "3.0.1"
  resolved "https://registry.yarnpkg.com/v8-compile-cache-lib/-/v8-compile-cache-lib-3.0.1.tgz#6336e8d71965cb3d35a1bbb7868445a7c05264bf"
  integrity sha512-wa7YjyUGfNZngI/vtK0UHAN+lgDCxBPCylVXGp0zu59Fz5aiGtNXaq3DhIov063MorB+VfufLh3JlF2KdTK3xg==

webidl-conversions@^3.0.0:
  version "3.0.1"
  resolved "https://registry.yarnpkg.com/webidl-conversions/-/webidl-conversions-3.0.1.tgz#24534275e2a7bc6be7bc86611cc16ae0a5654871"
  integrity sha512-2JAn3z8AR6rjK8Sm8orRC0h/bcl/DqL7tRPdGZ4I1CjdF+EaMLmYxBHyXuKL849eucPFhvBoxMsflfOb8kxaeQ==

whatwg-url@^5.0.0:
  version "5.0.0"
  resolved "https://registry.yarnpkg.com/whatwg-url/-/whatwg-url-5.0.0.tgz#966454e8765462e37644d3626f6742ce8b70965d"
  integrity sha512-saE57nupxk6v3HY35+jzBwYa0rKSy0XR8JSxZPwgLr7ys0IBzhGviA1/TUGJLmSVqs8pb9AnvICXEuOHLprYTw==
  dependencies:
    tr46 "~0.0.3"
    webidl-conversions "^3.0.0"

wrap-ansi@^7.0.0:
  version "7.0.0"
  resolved "https://registry.yarnpkg.com/wrap-ansi/-/wrap-ansi-7.0.0.tgz#67e145cff510a6a6984bdf1152911d69d2eb9e43"
  integrity sha512-YVGIj2kamLSTxw6NsZjoBxfSwsn0ycdesmc4p+Q21c5zPuZ1pl+NfxVdxPtdHvmNVOQ6XSYG4AUtyt/Fi7D16Q==
  dependencies:
    ansi-styles "^4.0.0"
    string-width "^4.1.0"
    strip-ansi "^6.0.0"

wrappy@1:
  version "1.0.2"
  resolved "https://registry.yarnpkg.com/wrappy/-/wrappy-1.0.2.tgz#b5243d8f3ec1aa35f1364605bc0d1036e30ab69f"
  integrity sha512-l4Sp/DRseor9wL6EvV2+TuQn63dMkPjZ/sp9XkghTEbV9KlPS1xUsZ3u7/IQO4wxtcFB4bgpQPRcR3QCvezPcQ==

y18n@^5.0.5:
  version "5.0.8"
  resolved "https://registry.yarnpkg.com/y18n/-/y18n-5.0.8.tgz#7f4934d0f7ca8c56f95314939ddcd2dd91ce1d55"
  integrity sha512-0pfFzegeDWJHJIAmTLRP2DwHjdF5s7jo9tuztdQxAhINCdvS+3nGINqPd00AphqJR/0LhANUS6/+7SCb98YOfA==

yallist@^4.0.0:
  version "4.0.0"
  resolved "https://registry.yarnpkg.com/yallist/-/yallist-4.0.0.tgz#9bb92790d9c0effec63be73519e11a35019a3a72"
  integrity sha512-3wdGidZyq5PB084XLES5TpOSRA3wjXAlIWMhum2kRcv/41Sn2emQ0dycQW4uZXLejwKvg6EsvbdlVL+FYEct7A==

yargs-parser@^21.0.0:
  version "21.1.1"
  resolved "https://registry.yarnpkg.com/yargs-parser/-/yargs-parser-21.1.1.tgz#9096bceebf990d21bb31fa9516e0ede294a77d35"
  integrity sha512-tVpsJW7DdjecAiFpbIB1e3qxIQsE6NoPc5/eTdrbbIC4h0LVsWhnoa3g+m2HclBIujHzsxZ4VJVA+GUuc2/LBw==

yargs@^17.6.0:
  version "17.6.0"
  resolved "https://registry.yarnpkg.com/yargs/-/yargs-17.6.0.tgz#e134900fc1f218bc230192bdec06a0a5f973e46c"
  integrity sha512-8H/wTDqlSwoSnScvV2N/JHfLWOKuh5MVla9hqLjK3nsfyy6Y4kDSYSvkU5YCUEPOSnRXfIyx3Sq+B/IWudTo4g==
  dependencies:
    cliui "^8.0.1"
    escalade "^3.1.1"
    get-caller-file "^2.0.5"
    require-directory "^2.1.1"
    string-width "^4.2.3"
    y18n "^5.0.5"
    yargs-parser "^21.0.0"

yn@3.1.1:
  version "3.1.1"
  resolved "https://registry.yarnpkg.com/yn/-/yn-3.1.1.tgz#1e87401a09d767c1d5eab26a6e4c185182d2eb50"
  integrity sha512-Ux4ygGWsu2c7isFWe8Yu1YluJmqVhxqK2cLXNQA5AcC3QfbGNpM7fu0Y8b/z16pXLnFxZYvWhd3fhBY9DLmC6Q==
